{
  "nodes": {
    "cachix": {
      "inputs": {
        "devenv": [
          "scottylabs",
          "ricochet",
          "devenv"
        ],
        "flake-compat": [
          "scottylabs",
          "ricochet",
          "devenv",
          "flake-compat"
        ],
        "git-hooks": [
          "scottylabs",
          "ricochet",
          "devenv",
          "git-hooks"
        ],
        "nixpkgs": [
          "scottylabs",
          "ricochet",
          "devenv",
          "nixpkgs"
        ]
      },
      "locked": {
        "lastModified": 1777487137,
        "narHash": "sha256-TuvKVBX60mqyMT6OB5JqVEh1YIWtFMR/igLCaCdC9tw=",
        "owner": "cachix",
        "repo": "cachix",
        "rev": "a66a440c321d35f7193472c317f42a55ccd1cb93",
        "type": "github"
      },
      "original": {
        "owner": "cachix",
        "ref": "latest",
        "repo": "cachix",
        "type": "github"
      }
    },
    "crane": {
      "locked": {
        "lastModified": 1781825982,
        "narHash": "sha256-SlXKwIRIhrOSAcTjCB3ftPLzJWZStQIPS7J1FlZPnKk=",
        "owner": "ipetkov",
        "repo": "crane",
        "rev": "469fd08d0bcf6926321fa973c6777fbc87785dd7",
        "type": "github"
      },
      "original": {
        "owner": "ipetkov",
        "repo": "crane",
        "type": "github"
      }
    },
    "crane_2": {
      "locked": {
        "lastModified": 1780532242,
        "narHash": "sha256-D+BsdpxmtUwtqGoY0IXPhHgTlmqgcZKCEo1oMyn7ep0=",
        "owner": "ipetkov",
        "repo": "crane",
        "rev": "59a82a1222dd3b2080b5cc52a1a2e8d5f1b77f37",
        "type": "github"
      },
      "original": {
        "owner": "ipetkov",
        "repo": "crane",
        "type": "github"
      }
    },
    "crate2nix": {
      "flake": false,
      "locked": {
        "lastModified": 1772186516,
        "narHash": "sha256-8s28pzmQ6TOIUzznwFibtW1CMieMUl1rYJIxoQYor58=",
        "owner": "rossng",
        "repo": "crate2nix",
        "rev": "ba5dd398e31ee422fbe021767eb83b0650303a6e",
        "type": "github"
      },
      "original": {
        "owner": "rossng",
        "repo": "crate2nix",
        "rev": "ba5dd398e31ee422fbe021767eb83b0650303a6e",
        "type": "github"
      }
    },
    "devenv": {
      "inputs": {
        "cachix": "cachix",
        "crate2nix": "crate2nix",
        "flake-compat": "flake-compat",
        "flake-parts": "flake-parts",
        "ghostty": "ghostty",
        "git-hooks": "git-hooks",
        "nix": "nix",
        "nixd": "nixd",
        "nixpkgs": "nixpkgs_2",
        "rust-overlay": "rust-overlay"
      },
      "locked": {
        "lastModified": 1781627264,
        "narHash": "sha256-TPj5d5MUyvuQZjsfDAAoYJ0SB+tNNNBrdCpD8XL0WeU=",
        "owner": "cachix",
        "repo": "devenv",
        "rev": "0fe5629a2955141c336b95e384e2c793c01214fb",
        "type": "github"
      },
      "original": {
        "owner": "cachix",
        "repo": "devenv",
        "type": "github"
      }
    },
    "flake-compat": {
      "flake": false,
      "locked": {
        "lastModified": 1767039857,
        "narHash": "sha256-vNpUSpF5Nuw8xvDLj2KCwwksIbjua2LZCqhV1LNRDns=",
        "owner": "edolstra",
        "repo": "flake-compat",
        "rev": "5edf11c44bc78a0d334f6334cdaf7d60d732daab",
        "type": "github"
      },
      "original": {
        "owner": "edolstra",
        "repo": "flake-compat",
        "type": "github"
      }
    },
    "flake-parts": {
      "inputs": {
        "nixpkgs-lib": [
          "scottylabs",
          "ricochet",
          "devenv",
          "nixpkgs"
        ]
      },
      "locked": {
        "lastModified": 1778716662,
        "narHash": "sha256-m1Yf0wZ8j1OHjTc2UwHwyQRSnNeSgLJOd7q5Y45hzi4=",
        "owner": "hercules-ci",
        "repo": "flake-parts",
        "rev": "f7c1a2d347e4c52d5fb8d10cb4d94b5884e546fb",
        "type": "github"
      },
      "original": {
        "owner": "hercules-ci",
        "repo": "flake-parts",
        "type": "github"
      }
    },
    "ghostty": {
      "flake": false,
      "locked": {
        "lastModified": 1779069789,
        "narHash": "sha256-ojo+gso45/6CVSuqfSVnlWpQ4d0QeLgwok+v/g3yu0E=",
        "owner": "ghostty-org",
        "repo": "ghostty",
        "rev": "4b7bf0b20e3baf9c1ba10c63f2ad1fd853faea8f",
        "type": "github"
      },
      "original": {
        "owner": "ghostty-org",
        "repo": "ghostty",
        "type": "github"
      }
    },
    "git-hooks": {
      "inputs": {
        "flake-compat": [
          "scottylabs",
          "ricochet",
          "devenv",
          "flake-compat"
        ],
        "gitignore": "gitignore",
        "nixpkgs": [
          "scottylabs",
          "ricochet",
          "devenv",
          "nixpkgs"
        ]
      },
      "locked": {
        "lastModified": 1778507602,
        "narHash": "sha256-kTwur1wV+01SdqskVMSo6JMEpg71ps3HpbFY2GsflKs=",
        "owner": "cachix",
        "repo": "git-hooks.nix",
        "rev": "61ab0e80d9c7ab14c256b5b453d8b3fb0189ba0a",
        "type": "github"
      },
      "original": {
        "owner": "cachix",
        "repo": "git-hooks.nix",
        "type": "github"
      }
    },
    "gitignore": {
      "inputs": {
        "nixpkgs": [
          "scottylabs",
          "ricochet",
          "devenv",
          "git-hooks",
          "nixpkgs"
        ]
      },
      "locked": {
        "lastModified": 1709087332,
        "narHash": "sha256-HG2cCnktfHsKV0s4XW83gU3F57gaTljL9KNSuG6bnQs=",
        "owner": "hercules-ci",
        "repo": "gitignore.nix",
        "rev": "637db329424fd7e46cf4185293b9cc8c88c95394",
        "type": "github"
      },
      "original": {
        "owner": "hercules-ci",
        "repo": "gitignore.nix",
        "type": "github"
      }
    },
    "nix": {
      "inputs": {
        "flake-compat": [
          "scottylabs",
          "ricochet",
          "devenv",
          "flake-compat"
        ],
        "flake-parts": [
          "scottylabs",
          "ricochet",
          "devenv",
          "flake-parts"
        ],
        "git-hooks-nix": [
          "scottylabs",
          "ricochet",
          "devenv",
          "git-hooks"
        ],
        "nixpkgs": [
          "scottylabs",
          "ricochet",
          "devenv",
          "nixpkgs"
        ],
        "nixpkgs-23-11": [
          "scottylabs",
          "ricochet",
          "devenv"
        ],
        "nixpkgs-regression": [
          "scottylabs",
          "ricochet",
          "devenv"
        ]
      },
      "locked": {
        "lastModified": 1779748925,
        "narHash": "sha256-meIhqGC04O5VXbKSFXSQoOKp+XCq5RMnwAk1Guo0VQo=",
        "owner": "cachix",
        "repo": "nix",
        "rev": "0bc443c8ff235c3547d09327b48aaa2ab98b15f2",
        "type": "github"
      },
      "original": {
        "owner": "cachix",
        "ref": "devenv-2.34",
        "repo": "nix",
        "type": "github"
      }
    },
    "nixd": {
      "inputs": {
        "flake-parts": [
          "scottylabs",
          "ricochet",
          "devenv",
          "flake-parts"
        ],
        "nixpkgs": [
          "scottylabs",
          "ricochet",
          "devenv",
          "nixpkgs"
        ],
        "treefmt-nix": "treefmt-nix"
      },
      "locked": {
        "lastModified": 1778381404,
        "narHash": "sha256-FqhdOTA8vyoIpkHhbs2cCT7h6EWM7nsLeOYJc1ifQLE=",
        "owner": "nix-community",
        "repo": "nixd",
        "rev": "e3e45eb76663f522e196b7f0cf34cab201db7779",
        "type": "github"
      },
      "original": {
        "owner": "nix-community",
        "repo": "nixd",
        "type": "github"
      }
    },
    "nixpkgs": {
      "locked": {
        "lastModified": 1784120854,
        "narHash": "sha256-KesHgItiZPgGX740axSiQLcIQ8D24MDqNpkKYWIek8k=",
        "owner": "nixos",
        "repo": "nixpkgs",
        "rev": "753cc8a3a87467296ddd1fa93f0cc3e81120ee46",
        "type": "github"
      },
      "original": {
        "owner": "nixos",
        "ref": "nixos-unstable",
        "repo": "nixpkgs",
        "type": "github"
      }
    },
    "nixpkgs-src": {
      "flake": false,
      "locked": {
        "lastModified": 1778274207,
        "narHash": "sha256-I4puXmX1iovcCHZlRmztO3vW0mAbbRvq4F8wgIMQ1MM=",
        "owner": "NixOS",
        "repo": "nixpkgs",
        "rev": "b3da656039dc7a6240f27b2ef8cc6a3ef3bccae7",
        "type": "github"
      },
      "original": {
        "owner": "NixOS",
        "ref": "nixpkgs-unstable",
        "repo": "nixpkgs",
        "type": "github"
      }
    },
    "nixpkgs_2": {
      "inputs": {
        "nixpkgs-src": "nixpkgs-src"
      },
      "locked": {
        "lastModified": 1778507786,
        "narHash": "sha256-HzSQCKMsMr8r55LwM1JuzIOB+8bzk0FEv6sItKvsfoY=",
        "owner": "cachix",
        "repo": "devenv-nixpkgs",
        "rev": "8f24a228a782e24576b155d1e39f0d914b380691",
        "type": "github"
      },
      "original": {
        "owner": "cachix",
        "ref": "rolling",
        "repo": "devenv-nixpkgs",
        "type": "github"
      }
    },
    "pyproject-build-systems": {
      "inputs": {
        "nixpkgs": [
          "scottylabs",
          "nixpkgs"
        ],
        "pyproject-nix": [
          "scottylabs",
          "pyproject-nix"
        ],
        "uv2nix": [
          "scottylabs",
          "uv2nix"
        ]
      },
      "locked": {
        "lastModified": 1782093830,
        "narHash": "sha256-6gmEVe69+KlRkZD4PEEV5xAlB9CB0Y9TiuEgQjDrKTQ=",
        "owner": "pyproject-nix",
        "repo": "build-system-pkgs",
        "rev": "430680a19bc85a3bda55f12e4cc1a1aadcf2e478",
        "type": "github"
      },
      "original": {
        "owner": "pyproject-nix",
        "repo": "build-system-pkgs",
        "type": "github"
      }
    },
    "pyproject-nix": {
      "inputs": {
        "nixpkgs": [
          "scottylabs",
          "nixpkgs"
        ]
      },
      "locked": {
        "lastModified": 1782089418,
        "narHash": "sha256-LRD1SuQWr49fGq3A+8GLXfsLE2xqIpQA440YDZwms3M=",
        "owner": "pyproject-nix",
        "repo": "pyproject.nix",
        "rev": "43f0b40edd0a74c63f66b7b48d969ae6b740d611",
        "type": "github"
      },
      "original": {
        "owner": "pyproject-nix",
        "repo": "pyproject.nix",
        "type": "github"
      }
    },
    "ricochet": {
      "inputs": {
        "crane": "crane_2",
        "devenv": "devenv",
        "nixpkgs": [
          "scottylabs",
          "nixpkgs"
        ]
      },
      "locked": {
        "lastModified": 1781865358,
        "narHash": "sha256-1NyzbXu5LH494oos4xKB4gsRsJN7qlR7PlROS9/XuKI=",
        "ref": "refs/heads/main",
        "rev": "ddc58bcad0bb2b898f900a3c13c94c263e797ad2",
        "revCount": 4,
        "type": "git",
        "url": "https://codeberg.org/anish/ricochet"
      },
      "original": {
        "type": "git",
        "url": "https://codeberg.org/anish/ricochet"
      }
    },
    "root": {
      "inputs": {
        "nixpkgs": "nixpkgs",
        "scottylabs": "scottylabs"
      }
    },
    "rust-overlay": {
      "inputs": {
        "nixpkgs": [
          "scottylabs",
          "ricochet",
          "devenv",
          "nixpkgs"
        ]
      },
      "locked": {
        "lastModified": 1779074409,
        "narHash": "sha256-6aXy8Ga41iLVM8ibddFU1O5+wYWcBGNEfZzZuL91eIc=",
        "owner": "oxalica",
        "repo": "rust-overlay",
        "rev": "2a77b5b1dc952f214e8102acdef1622b68515560",
        "type": "github"
      },
      "original": {
        "owner": "oxalica",
        "repo": "rust-overlay",
        "type": "github"
      }
    },
    "scottylabs": {
      "inputs": {
        "crane": "crane",
        "nixpkgs": [
          "nixpkgs"
        ],
        "pyproject-build-systems": "pyproject-build-systems",
        "pyproject-nix": "pyproject-nix",
        "ricochet": "ricochet",
        "treefmt-nix": "treefmt-nix_2",
        "uv2nix": "uv2nix"
      },
      "locked": {
        "lastModified": 1784309355,
        "narHash": "sha256-0lI99/hJkJgWVf2V90fJbYhXzkRgIGG3O45YFsDhJLs=",
        "ref": "refs/heads/main",
        "rev": "815fee688eaefcad6ad90fcdfb9fd00e2793218b",
        "revCount": 102,
        "type": "git",
        "url": "https://codeberg.org/ScottyLabs/devenv"
      },
      "original": {
        "type": "git",
        "url": "https://codeberg.org/ScottyLabs/devenv"
      }
    },
    "treefmt-nix": {
      "inputs": {
        "nixpkgs": [
          "scottylabs",
          "ricochet",
          "devenv",
          "nixd",
          "nixpkgs"
        ]
      },
      "locked": {
        "lastModified": 1775636079,
        "narHash": "sha256-pc20NRoMdiar8oPQceQT47UUZMBTiMdUuWrYu2obUP0=",
        "owner": "numtide",
        "repo": "treefmt-nix",
        "rev": "790751ff7fd3801feeaf96d7dc416a8d581265ba",
        "type": "github"
      },
      "original": {
        "owner": "numtide",
        "repo": "treefmt-nix",
        "type": "github"
      }
    },
    "treefmt-nix_2": {
      "inputs": {
        "nixpkgs": [
          "scottylabs",
          "nixpkgs"
        ]
      },
      "locked": {
        "lastModified": 1780220602,
        "narHash": "sha256-eynAfOmbmxJnkp7YewvCEbShNnnYJ9gLLqkzsYtBPeM=",
        "owner": "numtide",
        "repo": "treefmt-nix",
        "rev": "db947814a175b7ca6ded66e21383d938df01c227",
        "type": "github"
      },
      "original": {
        "owner": "numtide",
        "repo": "treefmt-nix",
        "type": "github"
      }
    },
    "uv2nix": {
      "inputs": {
        "nixpkgs": [
          "scottylabs",
          "nixpkgs"
        ],
        "pyproject-nix": [
          "scottylabs",
          "pyproject-nix"
        ]
      },
      "locked": {
        "lastModified": 1782100052,
        "narHash": "sha256-UfyLY3Hfwb3JqxCcj0953GxTFI5dEL85EKEe6DAFiVs=",
        "owner": "pyproject-nix",
        "repo": "uv2nix",
        "rev": "920fc6dfaf9f10ec56de93b184055e1a9f380d5e",
        "type": "github"
      },
      "original": {
        "owner": "pyproject-nix",
        "repo": "uv2nix",
        "type": "github"
      }
    }
  },
  "root": "root",
  "version": 7
}
